
Microsoft Visual Studio Solution File, Format Version 12.00
# Visual Studio Version 16
VisualStudioVersion = 16.0.31702.278
MinimumVisualStudioVersion = 10.0.40219.1
Project("{FAE04EC0-301F-11D3-BF4B-00C04F79EFBC}") = "Reflection15042023", "Reflection15042023\Reflection15042023.csproj", "{3C5F0D1F-85F0-4FD1-B1A9-4D1BF732234B}"
EndProject
Project("{FAE04EC0-301F-11D3-BF4B-00C04F79EFBC}") = "GetMyLocalVariables", "GetMyLocalVariables\GetMyLocalVariables.csproj", "{BE68CC14-7AB4-4A62-85C2-4F15B2AB03F2}"
EndProject
Global
	GlobalSection(SolutionConfigurationPlatforms) = preSolution
		Debug|Any CPU = Debug|Any CPU
		Release|Any CPU = Release|Any CPU
	EndGlobalSection
	GlobalSection(ProjectConfigurationPlatforms) = postSolution
		{3C5F0D1F-85F0-4FD1-B1A9-4D1BF732234B}.Debug|Any CPU.ActiveCfg = Debug|Any CPU
		{3C5F0D1F-85F0-4FD1-B1A9-4D1BF732234B}.Debug|Any CPU.Build.0 = Debug|Any CPU
		{3C5F0D1F-85F0-4FD1-B1A9-4D1BF732234B}.Release|Any CPU.ActiveCfg = Release|Any CPU
		{3C5F0D1F-85F0-4FD1-B1A9-4D1BF732234B}.Release|Any CPU.Build.0 = Release|Any CPU
		{BE68CC14-7AB4-4A62-85C2-4F15B2AB03F2}.Debug|Any CPU.ActiveCfg = Debug|Any CPU
		{BE68CC14-7AB4-4A62-85C2-4F15B2AB03F2}.Debug|Any CPU.Build.0 = Debug|Any CPU
		{BE68CC14-7AB4-4A62-85C2-4F15B2AB03F2}.Release|Any CPU.ActiveCfg = Release|Any CPU
		{BE68CC14-7AB4-4A62-85C2-4F15B2AB03F2}.Release|Any CPU.Build.0 = Release|Any CPU
	EndGlobalSection
	GlobalSection(SolutionProperties) = preSolution
		HideSolutionNode = FALSE
	EndGlobalSection
	GlobalSection(ExtensibilityGlobals) = postSolution
		SolutionGuid = {7B6166F5-6D94-4380-BC36-2483DF12F414}
	EndGlobalSection
EndGlobal
